
Microsoft Visual Studio Solution File, Format Version 12.00
# Visual Studio 15
VisualStudioVersion = 15.0.28010.2019
MinimumVisualStudioVersion = 10.0.40219.1
Project("{9A19103F-16F7-4668-BE54-9A1E7A4F7556}") = "Hashlib.NET", "Hashlib.NET\Hashlib.NET.csproj", "{04FA018F-8667-4FBB-BE14-680ECD480E18}"
EndProject
Project("{FAE04EC0-301F-11D3-BF4B-00C04F79EFBC}") = "Hashlib.NET.Tests", "Hashlib.NET.Tests\Hashlib.NET.Tests.csproj", "{F643097B-77D4-45FE-B037-D61E56CB6413}"
EndProject
Global
	GlobalSection(SolutionConfigurationPlatforms) = preSolution
		Debug|Any CPU = Debug|Any CPU
		Release|Any CPU = Release|Any CPU
	EndGlobalSection
	GlobalSection(ProjectConfigurationPlatforms) = postSolution
		{04FA018F-8667-4FBB-BE14-680ECD480E18}.Debug|Any CPU.ActiveCfg = Debug|Any CPU
		{04FA018F-8667-4FBB-BE14-680ECD480E18}.Debug|Any CPU.Build.0 = Debug|Any CPU
		{04FA018F-8667-4FBB-BE14-680ECD480E18}.Release|Any CPU.ActiveCfg = Release|Any CPU
		{04FA018F-8667-4FBB-BE14-680ECD480E18}.Release|Any CPU.Build.0 = Release|Any CPU
		{F643097B-77D4-45FE-B037-D61E56CB6413}.Debug|Any CPU.ActiveCfg = Debug|Any CPU
		{F643097B-77D4-45FE-B037-D61E56CB6413}.Debug|Any CPU.Build.0 = Debug|Any CPU
		{F643097B-77D4-45FE-B037-D61E56CB6413}.Release|Any CPU.ActiveCfg = Release|Any CPU
		{F643097B-77D4-45FE-B037-D61E56CB6413}.Release|Any CPU.Build.0 = Release|Any CPU
	EndGlobalSection
	GlobalSection(SolutionProperties) = preSolution
		HideSolutionNode = FALSE
	EndGlobalSection
	GlobalSection(ExtensibilityGlobals) = postSolution
		SolutionGuid = {BB9509AD-9D00-4A2D-B481-A10C1757E15E}
	EndGlobalSection
EndGlobal
